// !$*UTF8*$!
{
	archiveVersion = 1;
	classes = {
	};
	objectVersion = 46;
	objects = {

/* Begin PBXBuildFile section */
		FE3AD7581B0A7A7900F8650E /* AppDelegate.swift in Sources */ = {isa = PBXBuildFile; fileRef = FE3AD7571B0A7A7900F8650E /* AppDelegate.swift */; };
		FE3AD75A1B0A7A7900F8650E /* ViewController.swift in Sources */ = {isa = PBXBuildFile; fileRef = FE3AD7591B0A7A7900F8650E /* ViewController.swift */; };
		FE3AD75D1B0A7A7900F8650E /* Main.storyboard in Resources */ = {isa = PBXBuildFile; fileRef = FE3AD75B1B0A7A7900F8650E /* Main.storyboard */; };
		FE3AD75F1B0A7A7900F8650E /* Images.xcassets in Resources */ = {isa = PBXBuildFile; fileRef = FE3AD75E1B0A7A7900F8650E /* Images.xcassets */; };
		FE3AD7621B0A7A7900F8650E /* LaunchScreen.xib in Resources */ = {isa = PBXBuildFile; fileRef = FE3AD7601B0A7A7900F8650E /* LaunchScreen.xib */; };
		FE3AD76E1B0A7A7900F8650E /* amazeballsTests.swift in Sources */ = {isa = PBXBuildFile; fileRef = FE3AD76D1B0A7A7900F8650E /* amazeballsTests.swift */; };
/* End PBXBuildFile section */

/* Begin PBXContainerItemProxy section */
		FE3AD7681B0A7A7900F8650E /* PBXContainerItemProxy */ = {
			isa = PBXContainerItemProxy;
			containerPortal = FE3AD74A1B0A7A7900F8650E /* Project object */;
			proxyType = 1;
			remoteGlobalIDString = FE3AD7511B0A7A7900F8650E;
			remoteInfo = amazeballs;
		};
/* End PBXContainerItemProxy section */

/* Begin PBXFileReference section */
		FE3AD7521B0A7A7900F8650E /* amazeballs.app */ = {isa = PBXFileReference; explicitFileType = wrapper.application; includeInIndex = 0; path = amazeballs.app; sourceTree = BUILT_PRODUCTS_DIR; };
		FE3AD7561B0A7A7900F8650E /* Info.plist */ = {isa = PBXFileReference; lastKnownFileType = text.plist.xml; path = Info.plist; sourceTree = "<group>"; };
		FE3AD7571B0A7A7900F8650E /* AppDelegate.swift */ = {isa = PBXFileReference; lastKnownFileType = sourcecode.swift; path = AppDelegate.swift; sourceTree = "<group>"; };
		FE3AD7591B0A7A7900F8650E /* ViewController.swift */ = {isa = PBXFileReference; lastKnownFileType = sourcecode.swift; path = ViewController.swift; sourceTree = "<group>"; };
		FE3AD75C1B0A7A7900F8650E /* Base */ = {isa = PBXFileReference; lastKnownFileType = file.storyboard; name = Base; path = Base.lproj/Main.storyboard; sourceTree = "<group>"; };
		FE3AD75E1B0A7A7900F8650E /* Images.xcassets */ = {isa = PBXFileReference; lastKnownFileType = folder.assetcatalog; path = Images.xcassets; sourceTree = "<group>"; };
		FE3AD7611B0A7A7900F8650E /* Base */ = {isa = PBXFileReference; lastKnownFileType = file.xib; name = Base; path = Base.lproj/LaunchScreen.xib; sourceTree = "<group>"; };
		FE3AD7671B0A7A7900F8650E /* amazeballsTests.xctest */ = {isa = PBXFileReference; explicitFileType = wrapper.cfbundle; includeInIndex = 0; path = amazeballsTests.xctest; sourceTree = BUILT_PRODUCTS_DIR; };
		FE3AD76C1B0A7A7900F8650E /* Info.plist */ = {isa = PBXFileReference; lastKnownFileType = text.plist.xml; path = Info.plist; sourceTree = "<group>"; };
		FE3AD76D1B0A7A7900F8650E /* amazeballsTests.swift */ = {isa = PBXFileReference; lastKnownFileType = sourcecode.swift; path = amazeballsTests.swift; sourceTree = "<group>"; };
/* End PBXFileReference section */

/* Begin PBXFrameworksBuildPhase section */
		FE3AD74F1B0A7A7900F8650E /* Frameworks */ = {
			isa = PBXFrameworksBuildPhase;
			buildActionMask = 2147483647;
			files = (
			);
			runOnlyForDeploymentPostprocessing = 0;
		};
		FE3AD7641B0A7A7900F8650E /* Frameworks */ = {
			isa = PBXFrameworksBuildPhase;
			buildActionMask = 2147483647;
			files = (
			);
			runOnlyForDeploymentPostprocessing = 0;
		};
/* End PBXFrameworksBuildPhase section */

/* Begin PBXGroup section */
		FE3AD7491B0A7A7900F8650E = {
			isa = PBXGroup;
			children = (
				FE3AD7541B0A7A7900F8650E /* amazeballs */,
				FE3AD76A1B0A7A7900F8650E /* amazeballsTests */,
				FE3AD7531B0A7A7900F8650E /* Products */,
			);
			sourceTree = "<group>";
		};
		FE3AD7531B0A7A7900F8650E /* Products */ = {
			isa = PBXGroup;
			children = (
				FE3AD7521B0A7A7900F8650E /* amazeballs.app */,
				FE3AD7671B0A7A7900F8650E /* amazeballsTests.xctest */,
			);
			name = Products;
			sourceTree = "<group>";
		};
		FE3AD7541B0A7A7900F8650E /* amazeballs */ = {
			isa = PBXGroup;
			children = (
				FE3AD7571B0A7A7900F8650E /* AppDelegate.swift */,
				FE3AD7591B0A7A7900F8650E /* ViewController.swift */,
				FE3AD75B1B0A7A7900F8650E /* Main.storyboard */,
				FE3AD75E1B0A7A7900F8650E /* Images.xcassets */,
				FE3AD7601B0A7A7900F8650E /* LaunchScreen.xib */,
				FE3AD7551B0A7A7900F8650E /* Supporting Files */,
			);
			path = amazeballs;
			sourceTree = "<group>";
		};
		FE3AD7551B0A7A7900F8650E /* Supporting Files */ = {
			isa = PBXGroup;
			children = (
				FE3AD7561B0A7A7900F8650E /* Info.plist */,
			);
			name = "Supporting Files";
			sourceTree = "<group>";
		};
		FE3AD76A1B0A7A7900F8650E /* amazeballsTests */ = {
			isa = PBXGroup;
			children = (
				FE3AD76D1B0A7A7900F8650E /* amazeballsTests.swift */,
				FE3AD76B1B0A7A7900F8650E /* Supporting Files */,
			);
			path = amazeballsTests;
			sourceTree = "<group>";
		};
		FE3AD76B1B0A7A7900F8650E /* Supporting Files */ = {
			isa = PBXGroup;
			children = (
				FE3AD76C1B0A7A7900F8650E /* Info.plist */,
			);
			name = "Supporting Files";
			sourceTree = "<group>";
		};
/* End PBXGroup section */

/* Begin PBXNativeTarget section */
		FE3AD7511B0A7A7900F8650E /* amazeballs */ = {
			isa = PBXNativeTarget;
			buildConfigurationList = FE3AD7711B0A7A7900F8650E /* Build configuration list for PBXNativeTarget "amazeballs" */;
			buildPhases = (
				FE3AD74E1B0A7A7900F8650E /* Sources */,
				FE3AD74F1B0A7A7900F8650E /* Frameworks */,
				FE3AD7501B0A7A7900F8650E /* Resources */,
			);
			buildRules = (
			);
			dependencies = (
			);
			name = amazeballs;
			productName = amazeballs;
			productReference = FE3AD7521B0A7A7900F8650E /* amazeballs.app */;
			productType = "com.apple.product-type.application";
		};
		FE3AD7661B0A7A7900F8650E /* amazeballsTests */ = {
			isa = PBXNativeTarget;
			buildConfigurationList = FE3AD7741B0A7A7900F8650E /* Build configuration list for PBXNativeTarget "amazeballsTests" */;
			buildPhases = (
				FE3AD7631B0A7A7900F8650E /* Sources */,
				FE3AD7641B0A7A7900F8650E /* Frameworks */,
				FE3AD7651B0A7A7900F8650E /* Resources */,
			);
			buildRules = (
			);
			dependencies = (
				FE3AD7691B0A7A7900F8650E /* PBXTargetDependency */,
			);
			name = amazeballsTests;
			productName = amazeballsTests;
			productReference = FE3AD7671B0A7A7900F8650E /* amazeballsTests.xctest */;
			productType = "com.apple.product-type.bundle.unit-test";
		};
/* End PBXNativeTarget section */

/* Begin PBXProject section */
		FE3AD74A1B0A7A7900F8650E /* Project object */ = {
			isa = PBXProject;
			attributes = {
				LastUpgradeCheck = 0630;
				ORGANIZATIONNAME = "Daniel Flax";
				TargetAttributes = {
					FE3AD7511B0A7A7900F8650E = {
						CreatedOnToolsVersion = 6.3.1;
					};
					FE3AD7661B0A7A7900F8650E = {
						CreatedOnToolsVersion = 6.3.1;
						TestTargetID = FE3AD7511B0A7A7900F8650E;
					};
				};
			};
			buildConfigurationList = FE3AD74D1B0A7A7900F8650E /* Build configuration list for PBXProject "amazeballs" */;
			compatibilityVersion = "Xcode 3.2";
			developmentRegion = English;
			hasScannedForEncodings = 0;
			knownRegions = (
				en,
				Base,
			);
			mainGroup = FE3AD7491B0A7A7900F8650E;
			productRefGroup = FE3AD7531B0A7A7900F8650E /* Products */;
			projectDirPath = "";
			projectRoot = "";
			targets = (
				FE3AD7511B0A7A7900F8650E /* amazeballs */,
				FE3AD7661B0A7A7900F8650E /* amazeballsTests */,
			);
		};
/* End PBXProject section */

/* Begin PBXResourcesBuildPhase section */
		FE3AD7501B0A7A7900F8650E /* Resources */ = {
			isa = PBXResourcesBuildPhase;
			buildActionMask = 2147483647;
			files = (
				FE3AD75D1B0A7A7900F8650E /* Main.storyboard in Resources */,
				FE3AD7621B0A7A7900F8650E /* LaunchScreen.xib in Resources */,
				FE3AD75F1B0A7A7900F8650E /* Images.xcassets in Resources */,
			);
			runOnlyForDeploymentPostprocessing = 0;
		};
		FE3AD7651B0A7A7900F8650E /* Resources */ = {
			isa = PBXResourcesBuildPhase;
			buildActionMask = 2147483647;
			files = (
			);
			runOnlyForDeploymentPostprocessing = 0;
		};
/* End PBXResourcesBuildPhase section */

/* Begin PBXSourcesBuildPhase section */
		FE3AD74E1B0A7A7900F8650E /* Sources */ = {
			isa = PBXSourcesBuildPhase;
			buildActionMask = 2147483647;
			files = (
				FE3AD75A1B0A7A7900F8650E /* ViewController.swift in Sources */,
				FE3AD7581B0A7A7900F8650E /* AppDelegate.swift in Sources */,
			);
			runOnlyForDeploymentPostprocessing = 0;
		};
		FE3AD7631B0A7A7900F8650E /* Sources */ = {
			isa = PBXSourcesBuildPhase;
			buildActionMask = 2147483647;
			files = (
				FE3AD76E1B0A7A7900F8650E /* amazeballsTests.swift in Sources */,
			);
			runOnlyForDeploymentPostprocessing = 0;
		};
/* End PBXSourcesBuildPhase section */

/* Begin PBXTargetDependency section */
		FE3AD7691B0A7A7900F8650E /* PBXTargetDependency */ = {
			isa = PBXTargetDependency;
			target = FE3AD7511B0A7A7900F8650E /* amazeballs */;
			targetProxy = FE3AD7681B0A7A7900F8650E /* PBXContainerItemProxy */;
		};
/* End PBXTargetDependency section */

/* Begin PBXVariantGroup section */
		FE3AD75B1B0A7A7900F8650E /* Main.storyboard */ = {
			isa = PBXVariantGroup;
			children = (
				FE3AD75C1B0A7A7900F8650E /* Base */,
			);
			name = Main.storyboard;
			sourceTree = "<group>";
		};
		FE3AD7601B0A7A7900F8650E /* LaunchScreen.xib */ = {
			isa = PBXVariantGroup;
			children = (
				FE3AD7611B0A7A7900F8650E /* Base */,
			);
			name = LaunchScreen.xib;
			sourceTree = "<group>";
		};
/* End PBXVariantGroup section */

/* Begin XCBuildConfiguration section */
		FE3AD76F1B0A7A7900F8650E /* Debug */ = {
			isa = XCBuildConfiguration;
			buildSettings = {
				ALWAYS_SEARCH_USER_PATHS = NO;
				CLANG_CXX_LANGUAGE_STANDARD = "gnu++0x";
				CLANG_CXX_LIBRARY = "libc++";
				CLANG_ENABLE_MODULES = YES;
				CLANG_ENABLE_OBJC_ARC = YES;
				CLANG_WARN_BOOL_CONVERSION = YES;
				CLANG_WARN_CONSTANT_CONVERSION = YES;
				CLANG_WARN_DIRECT_OBJC_ISA_USAGE = YES_ERROR;
				CLANG_WARN_EMPTY_BODY = YES;
				CLANG_WARN_ENUM_CONVERSION = YES;
				CLANG_WARN_INT_CONVERSION = YES;
				CLANG_WARN_OBJC_ROOT_CLASS = YES_ERROR;
				CLANG_WARN_UNREACHABLE_CODE = YES;
				CLANG_WARN__DUPLICATE_METHOD_MATCH = YES;
				"CODE_SIGN_IDENTITY[sdk=iphoneos*]" = "iPhone Developer";
				COPY_PHASE_STRIP = NO;
				DEBUG_INFORMATION_FORMAT = "dwarf-with-dsym";
				ENABLE_STRICT_OBJC_MSGSEND = YES;
				GCC_C_LANGUAGE_STANDARD = gnu99;
				GCC_DYNAMIC_NO_PIC = NO;
				GCC_NO_COMMON_BLOCKS = YES;
				GCC_OPTIMIZATION_LEVEL = 0;
				GCC_PREPROCESSOR_DEFINITIONS = (
					"DEBUG=1",
					"$(inherited)",
				);
				GCC_SYMBOLS_PRIVATE_EXTERN = NO;
				GCC_WARN_64_TO_32_BIT_CONVERSION = YES;
				GCC_WARN_ABOUT_RETURN_TYPE = YES_ERROR;
				GCC_WARN_UNDECLARED_SELECTOR = YES;
				GCC_WARN_UNINITIALIZED_AUTOS = YES_AGGRESSIVE;
				GCC_WARN_UNUSED_FUNCTION = YES;
				GCC_WARN_UNUSED_VARIABLE = YES;
				IPHONEOS_DEPLOYMENT_TARGET = 8.3;
				MTL_ENABLE_DEBUG_INFO = YES;
				ONLY_ACTIVE_ARCH = YES;
				SDKROOT = iphoneos;
				SWIFT_OPTIMIZATION_LEVEL = "-Onone";
				TARGETED_DEVICE_FAMILY = "1,2";
			};
			name = Debug;
		};
		FE3AD7701B0A7A7900F8650E /* Release */ = {
			isa = XCBuildConfiguration;
			buildSettings = {
				ALWAYS_SEARCH_USER_PATHS = NO;
				CLANG_CXX_LANGUAGE_STANDARD = "gnu++0x";
				CLANG_CXX_LIBRARY = "libc++";
				CLANG_ENABLE_MODULES = YES;
				CLANG_ENABLE_OBJC_ARC = YES;
				CLANG_WARN_BOOL_CONVERSION = YES;
				CLANG_WARN_CONSTANT_CONVERSION = YES;
				CLANG_WARN_DIRECT_OBJC_ISA_USAGE = YES_ERROR;
				CLANG_WARN_EMPTY_BODY = YES;
				CLANG_WARN_ENUM_CONVERSION = YES;
				CLANG_WARN_INT_CONVERSION = YES;
				CLANG_WARN_OBJC_ROOT_CLASS = YES_ERROR;
				CLANG_WARN_UNREACHABLE_CODE = YES;
				CLANG_WARN__DUPLICATE_METHOD_MATCH = YES;
				"CODE_SIGN_IDENTITY[sdk=iphoneos*]" = "iPhone Developer";
				COPY_PHASE_STRIP = NO;
				DEBUG_INFORMATION_FORMAT = "dwarf-with-dsym";
				ENABLE_NS_ASSERTIONS = NO;
				ENABLE_STRICT_OBJC_MSGSEND = YES;
				GCC_C_LANGUAGE_STANDARD = gnu99;
				GCC_NO_COMMON_BLOCKS = YES;
				GCC_WARN_64_TO_32_BIT_CONVERSION = YES;
				GCC_WARN_ABOUT_RETURN_TYPE = YES_ERROR;
				GCC_WARN_UNDECLARED_SELECTOR = YES;
				GCC_WARN_UNINITIALIZED_AUTOS = YES_AGGRESSIVE;
				GCC_WARN_UNUSED_FUNCTION = YES;
				GCC_WARN_UNUSED_VARIABLE = YES;
				IPHONEOS_DEPLOYMENT_TARGET = 8.3;
				MTL_ENABLE_DEBUG_INFO = NO;
				SDKROOT = iphoneos;
				TARGETED_DEVICE_FAMILY = "1,2";
				VALIDATE_PRODUCT = YES;
			};
			name = Release;
		};
		FE3AD7721B0A7A7900F8650E /* Debug */ = {
			isa = XCBuildConfiguration;
			buildSettings = {
				ASSETCATALOG_COMPILER_APPICON_NAME = AppIcon;
				INFOPLIST_FILE = amazeballs/Info.plist;
				LD_RUNPATH_SEARCH_PATHS = "$(inherited) @executable_path/Frameworks";
				PRODUCT_NAME = "$(TARGET_NAME)";
			};
			name = Debug;
		};
		FE3AD7731B0A7A7900F8650E /* Release */ = {
			isa = XCBuildConfiguration;
			buildSettings = {
				ASSETCATALOG_COMPILER_APPICON_NAME = AppIcon;
				INFOPLIST_FILE = amazeballs/Info.plist;
				LD_RUNPATH_SEARCH_PATHS = "$(inherited) @executable_path/Frameworks";
				PRODUCT_NAME = "$(TARGET_NAME)";
			};
			name = Release;
		};
		FE3AD7751B0A7A7900F8650E /* Debug */ = {
			isa = XCBuildConfiguration;
			buildSettings = {
				BUNDLE_LOADER = "$(TEST_HOST)";
				FRAMEWORK_SEARCH_PATHS = (
					"$(SDKROOT)/Developer/Library/Frameworks",
					"$(inherited)",
				);
				GCC_PREPROCESSOR_DEFINITIONS = (
					"DEBUG=1",
					"$(inherited)",
				);
				INFOPLIST_FILE = amazeballsTests/Info.plist;
				LD_RUNPATH_SEARCH_PATHS = "$(inherited) @executable_path/Frameworks @loader_path/Frameworks";
				PRODUCT_NAME = "$(TARGET_NAME)";
				TEST_HOST = "$(BUILT_PRODUCTS_DIR)/amazeballs.app/amazeballs";
			};
			name = Debug;
		};
		FE3AD7761B0A7A7900F8650E /* Release */ = {
			isa = XCBuildConfiguration;
			buildSettings = {
				BUNDLE_LOADER = "$(TEST_HOST)";
				FRAMEWORK_SEARCH_PATHS = (
					"$(SDKROOT)/Developer/Library/Frameworks",
					"$(inherited)",
				);
				INFOPLIST_FILE = amazeballsTests/Info.plist;
				LD_RUNPATH_SEARCH_PATHS = "$(inherited) @executable_path/Frameworks @loader_path/Frameworks";
				PRODUCT_NAME = "$(TARGET_NAME)";
				TEST_HOST = "$(BUILT_PRODUCTS_DIR)/amazeballs.app/amazeballs";
			};
			name = Release;
		};
/* End XCBuildConfiguration section */

/* Begin XCConfigurationList section */
		FE3AD74D1B0A7A7900F8650E /* Build configuration list for PBXProject "amazeballs" */ = {
			isa = XCConfigurationList;
			buildConfigurations = (
				FE3AD76F1B0A7A7900F8650E /* Debug */,
				FE3AD7701B0A7A7900F8650E /* Release */,
			);
			defaultConfigurationIsVisible = 0;
			defaultConfigurationName = Release;
		};
		FE3AD7711B0A7A7900F8650E /* Build configuration list for PBXNativeTarget "amazeballs" */ = {
			isa = XCConfigurationList;
			buildConfigurations = (
				FE3AD7721B0A7A7900F8650E /* Debug */,
				FE3AD7731B0A7A7900F8650E /* Release */,
			);
			defaultConfigurationIsVisible = 0;
		};
		FE3AD7741B0A7A7900F8650E /* Build configuration list for PBXNativeTarget "amazeballsTests" */ = {
			isa = XCConfigurationList;
			buildConfigurations = (
				FE3AD7751B0A7A7900F8650E /* Debug */,
				FE3AD7761B0A7A7900F8650E /* Release */,
			);
			defaultConfigurationIsVisible = 0;
		};
/* End XCConfigurationList section */
	};
	rootObject = FE3AD74A1B0A7A7900F8650E /* Project object */;
}
